
Microsoft Visual Studio Solution File, Format Version 12.00
# Visual Studio Version 16
VisualStudioVersion = 16.0.30717.126
MinimumVisualStudioVersion = 10.0.40219.1
Project("{FAE04EC0-301F-11D3-BF4B-00C04F79EFBC}") = "WebappAuthN", "WebappAuthN\WebappAuthN.csproj", "{D7678C7B-72DB-4671-B60E-4269C62B077F}"
EndProject
Global
	GlobalSection(SolutionConfigurationPlatforms) = preSolution
		Debug|Any CPU = Debug|Any CPU
		Release|Any CPU = Release|Any CPU
	EndGlobalSection
	GlobalSection(ProjectConfigurationPlatforms) = postSolution
		{D7678C7B-72DB-4671-B60E-4269C62B077F}.Debug|Any CPU.ActiveCfg = Debug|Any CPU
		{D7678C7B-72DB-4671-B60E-4269C62B077F}.Debug|Any CPU.Build.0 = Debug|Any CPU
		{D7678C7B-72DB-4671-B60E-4269C62B077F}.Release|Any CPU.ActiveCfg = Release|Any CPU
		{D7678C7B-72DB-4671-B60E-4269C62B077F}.Release|Any CPU.Build.0 = Release|Any CPU
	EndGlobalSection
	GlobalSection(SolutionProperties) = preSolution
		HideSolutionNode = FALSE
	EndGlobalSection
	GlobalSection(ExtensibilityGlobals) = postSolution
		SolutionGuid = {A1FD97A1-BF3C-4D5D-942C-5991D8997E40}
	EndGlobalSection
EndGlobal
